
Microsoft Visual Studio Solution File, Format Version 12.00
# Visual Studio 14
VisualStudioVersion = 14.0.25420.1
MinimumVisualStudioVersion = 10.0.40219.1
Project("{FAE04EC0-301F-11D3-BF4B-00C04F79EFBC}") = "BlogIn", "BlogIn\BlogIn.csproj", "{0B3ACF92-3E82-411C-BCB4-17CE3C87CECD}"
EndProject
Project("{FAE04EC0-301F-11D3-BF4B-00C04F79EFBC}") = "Blogin.UnitTests", "Blogin.UnitTests\Blogin.UnitTests.csproj", "{36F1E239-01A7-444A-8383-93A0F320CFED}"
EndProject
Global
	GlobalSection(SolutionConfigurationPlatforms) = preSolution
		Debug|Any CPU = Debug|Any CPU
		Release|Any CPU = Release|Any CPU
	EndGlobalSection
	GlobalSection(ProjectConfigurationPlatforms) = postSolution
		{0B3ACF92-3E82-411C-BCB4-17CE3C87CECD}.Debug|Any CPU.ActiveCfg = Debug|Any CPU
		{0B3ACF92-3E82-411C-BCB4-17CE3C87CECD}.Debug|Any CPU.Build.0 = Debug|Any CPU
		{0B3ACF92-3E82-411C-BCB4-17CE3C87CECD}.Release|Any CPU.ActiveCfg = Release|Any CPU
		{0B3ACF92-3E82-411C-BCB4-17CE3C87CECD}.Release|Any CPU.Build.0 = Release|Any CPU
		{36F1E239-01A7-444A-8383-93A0F320CFED}.Debug|Any CPU.ActiveCfg = Debug|Any CPU
		{36F1E239-01A7-444A-8383-93A0F320CFED}.Debug|Any CPU.Build.0 = Debug|Any CPU
		{36F1E239-01A7-444A-8383-93A0F320CFED}.Release|Any CPU.ActiveCfg = Release|Any CPU
		{36F1E239-01A7-444A-8383-93A0F320CFED}.Release|Any CPU.Build.0 = Release|Any CPU
	EndGlobalSection
	GlobalSection(SolutionProperties) = preSolution
		HideSolutionNode = FALSE
	EndGlobalSection
EndGlobal
